
Microsoft Visual Studio Solution File, Format Version 12.00
# Visual Studio Version 16
VisualStudioVersion = 16.0.30204.135
MinimumVisualStudioVersion = 10.0.40219.1
Project("{FAE04EC0-301F-11D3-BF4B-00C04F79EFBC}") = "YilanOyunu", "YilanOyunu\YilanOyunu.csproj", "{C97A7687-B5E4-45D4-8461-EC5E79D0186C}"
EndProject
Global
	GlobalSection(SolutionConfigurationPlatforms) = preSolution
		Debug|Any CPU = Debug|Any CPU
		Release|Any CPU = Release|Any CPU
	EndGlobalSection
	GlobalSection(ProjectConfigurationPlatforms) = postSolution
		{C97A7687-B5E4-45D4-8461-EC5E79D0186C}.Debug|Any CPU.ActiveCfg = Debug|Any CPU
		{C97A7687-B5E4-45D4-8461-EC5E79D0186C}.Debug|Any CPU.Build.0 = Debug|Any CPU
		{C97A7687-B5E4-45D4-8461-EC5E79D0186C}.Release|Any CPU.ActiveCfg = Release|Any CPU
		{C97A7687-B5E4-45D4-8461-EC5E79D0186C}.Release|Any CPU.Build.0 = Release|Any CPU
	EndGlobalSection
	GlobalSection(SolutionProperties) = preSolution
		HideSolutionNode = FALSE
	EndGlobalSection
	GlobalSection(ExtensibilityGlobals) = postSolution
		SolutionGuid = {AD46C719-2D14-47CD-815C-8A60E3407F00}
	EndGlobalSection
EndGlobal
